// !$*UTF8*$!
{
	archiveVersion = 1;
	classes = {
	};
	objectVersion = 56;
	objects = {

/* Begin PBXBuildFile section */
		E30F1E132AC1D2290096FD8C /* DDDemoController.swift in Sources */ = {isa = PBXBuildFile; fileRef = E30F1E122AC1D2290096FD8C /* DDDemoController.swift */; };
		E351B8882ACC5A6500592D38 /* DDEventCVCell.swift in Sources */ = {isa = PBXBuildFile; fileRef = E351B8862ACC5A6500592D38 /* DDEventCVCell.swift */; };
		E351B8892ACC5A6500592D38 /* DDEventCVCell.xib in Resources */ = {isa = PBXBuildFile; fileRef = E351B8872ACC5A6500592D38 /* DDEventCVCell.xib */; };
		E35413812AC0335B002C757F /* DDPostTextDataModel.swift in Sources */ = {isa = PBXBuildFile; fileRef = E35413802AC0335B002C757F /* DDPostTextDataModel.swift */; };
		E35413832AC03CFD002C757F /* DDFeedVM.swift in Sources */ = {isa = PBXBuildFile; fileRef = E35413822AC03CFD002C757F /* DDFeedVM.swift */; };
		E35413872AC04228002C757F /* DDPostActionCVCell.swift in Sources */ = {isa = PBXBuildFile; fileRef = E35413852AC04228002C757F /* DDPostActionCVCell.swift */; };
		E35413882AC04228002C757F /* DDPostActionCVCell.xib in Resources */ = {isa = PBXBuildFile; fileRef = E35413862AC04228002C757F /* DDPostActionCVCell.xib */; };
		E360A6D82AC2BA2C009B5E9F /* UIViewController+Extension.swift in Sources */ = {isa = PBXBuildFile; fileRef = E360A6D72AC2BA2C009B5E9F /* UIViewController+Extension.swift */; };
		E360A6DC2AC2BAEF009B5E9F /* DDPostTitleCVCell.swift in Sources */ = {isa = PBXBuildFile; fileRef = E360A6DA2AC2BAEF009B5E9F /* DDPostTitleCVCell.swift */; };
		E360A6DD2AC2BAEF009B5E9F /* DDPostTitleCVCell.xib in Resources */ = {isa = PBXBuildFile; fileRef = E360A6DB2AC2BAEF009B5E9F /* DDPostTitleCVCell.xib */; };
		E360A6E12AC2C007009B5E9F /* DDPostImageCVCell.swift in Sources */ = {isa = PBXBuildFile; fileRef = E360A6DF2AC2C007009B5E9F /* DDPostImageCVCell.swift */; };
		E360A6E22AC2C007009B5E9F /* DDPostImageCVCell.xib in Resources */ = {isa = PBXBuildFile; fileRef = E360A6E02AC2C007009B5E9F /* DDPostImageCVCell.xib */; };
		E360A6E62AC2E0CB009B5E9F /* DDArticleCVCell.swift in Sources */ = {isa = PBXBuildFile; fileRef = E360A6E42AC2E0CB009B5E9F /* DDArticleCVCell.swift */; };
		E360A6E72AC2E0CB009B5E9F /* DDArticleCVCell.xib in Resources */ = {isa = PBXBuildFile; fileRef = E360A6E52AC2E0CB009B5E9F /* DDArticleCVCell.xib */; };
		E360A6EB2AC31D13009B5E9F /* DDPollPercentCVCell.swift in Sources */ = {isa = PBXBuildFile; fileRef = E360A6E92AC31D13009B5E9F /* DDPollPercentCVCell.swift */; };
		E360A6EC2AC31D13009B5E9F /* DDPollPercentCVCell.xib in Resources */ = {isa = PBXBuildFile; fileRef = E360A6EA2AC31D13009B5E9F /* DDPollPercentCVCell.xib */; };
		E37DD6622AB8B8330054F2F9 /* AppDelegate.swift in Sources */ = {isa = PBXBuildFile; fileRef = E37DD6612AB8B8330054F2F9 /* AppDelegate.swift */; };
		E37DD6642AB8B8330054F2F9 /* SceneDelegate.swift in Sources */ = {isa = PBXBuildFile; fileRef = E37DD6632AB8B8330054F2F9 /* SceneDelegate.swift */; };
		E37DD6662AB8B8330054F2F9 /* DDTabViewController.swift in Sources */ = {isa = PBXBuildFile; fileRef = E37DD6652AB8B8330054F2F9 /* DDTabViewController.swift */; };
		E37DD6692AB8B8330054F2F9 /* Main.storyboard in Resources */ = {isa = PBXBuildFile; fileRef = E37DD6672AB8B8330054F2F9 /* Main.storyboard */; };
		E37DD66B2AB8B8340054F2F9 /* Assets.xcassets in Resources */ = {isa = PBXBuildFile; fileRef = E37DD66A2AB8B8340054F2F9 /* Assets.xcassets */; };
		E37DD66E2AB8B8340054F2F9 /* LaunchScreen.storyboard in Resources */ = {isa = PBXBuildFile; fileRef = E37DD66C2AB8B8340054F2F9 /* LaunchScreen.storyboard */; };
		E3B4884F2AC0AC4200D14839 /* DDLocationCVCell.swift in Sources */ = {isa = PBXBuildFile; fileRef = E3B4884D2AC0AC4200D14839 /* DDLocationCVCell.swift */; };
		E3B488502AC0AC4200D14839 /* DDLocationCVCell.xib in Resources */ = {isa = PBXBuildFile; fileRef = E3B4884E2AC0AC4200D14839 /* DDLocationCVCell.xib */; };
		E3D465892ABFE82500828B72 /* UITapGestureRecognizer+Extension.swift in Sources */ = {isa = PBXBuildFile; fileRef = E3D465882ABFE82500828B72 /* UITapGestureRecognizer+Extension.swift */; };
		E3D4658D2ABFE96900828B72 /* DDSeeMoreTextCVCell.swift in Sources */ = {isa = PBXBuildFile; fileRef = E3D4658B2ABFE96800828B72 /* DDSeeMoreTextCVCell.swift */; };
		E3D4658E2ABFE96900828B72 /* DDSeeMoreTextCVCell.xib in Resources */ = {isa = PBXBuildFile; fileRef = E3D4658C2ABFE96800828B72 /* DDSeeMoreTextCVCell.xib */; };
		E3D5C0D62AC1CC3200078883 /* DDBottomSheetViewController.swift in Sources */ = {isa = PBXBuildFile; fileRef = E3D5C0D52AC1CC3200078883 /* DDBottomSheetViewController.swift */; };
		E3F2E2992AB8BEB300C92B58 /* UIFont+Extension.swift in Sources */ = {isa = PBXBuildFile; fileRef = E3F2E28F2AB8BEB200C92B58 /* UIFont+Extension.swift */; };
		E3F2E29A2AB8BEB300C92B58 /* Inter-Bold.ttf in Resources */ = {isa = PBXBuildFile; fileRef = E3F2E2902AB8BEB200C92B58 /* Inter-Bold.ttf */; };
		E3F2E29B2AB8BEB300C92B58 /* Inter-ExtraBold.ttf in Resources */ = {isa = PBXBuildFile; fileRef = E3F2E2912AB8BEB200C92B58 /* Inter-ExtraBold.ttf */; };
		E3F2E29C2AB8BEB300C92B58 /* Inter-ExtraLight.ttf in Resources */ = {isa = PBXBuildFile; fileRef = E3F2E2922AB8BEB200C92B58 /* Inter-ExtraLight.ttf */; };
		E3F2E29D2AB8BEB300C92B58 /* Inter-Regular.ttf in Resources */ = {isa = PBXBuildFile; fileRef = E3F2E2932AB8BEB300C92B58 /* Inter-Regular.ttf */; };
		E3F2E29E2AB8BEB300C92B58 /* Inter-SemiBold.ttf in Resources */ = {isa = PBXBuildFile; fileRef = E3F2E2942AB8BEB300C92B58 /* Inter-SemiBold.ttf */; };
		E3F2E29F2AB8BEB300C92B58 /* Inter-Thin.ttf in Resources */ = {isa = PBXBuildFile; fileRef = E3F2E2952AB8BEB300C92B58 /* Inter-Thin.ttf */; };
		E3F2E2A02AB8BEB300C92B58 /* Inter-Black.ttf in Resources */ = {isa = PBXBuildFile; fileRef = E3F2E2962AB8BEB300C92B58 /* Inter-Black.ttf */; };
		E3F2E2A12AB8BEB300C92B58 /* Inter-Light.ttf in Resources */ = {isa = PBXBuildFile; fileRef = E3F2E2972AB8BEB300C92B58 /* Inter-Light.ttf */; };
		E3F2E2A22AB8BEB300C92B58 /* Inter-Medium.ttf in Resources */ = {isa = PBXBuildFile; fileRef = E3F2E2982AB8BEB300C92B58 /* Inter-Medium.ttf */; };
		E3F2E2A72AB8BFAB00C92B58 /* Theme.xcassets in Resources */ = {isa = PBXBuildFile; fileRef = E3F2E2A62AB8BFAB00C92B58 /* Theme.xcassets */; };
		E3F2E2A92AB8BFDB00C92B58 /* UIColor+Extension.swift in Sources */ = {isa = PBXBuildFile; fileRef = E3F2E2A82AB8BFDB00C92B58 /* UIColor+Extension.swift */; };
		E3F2E2AB2AB8C01000C92B58 /* DDColor.swift in Sources */ = {isa = PBXBuildFile; fileRef = E3F2E2AA2AB8C01000C92B58 /* DDColor.swift */; };
		E3F2E2AD2AB8C17800C92B58 /* DDImageName.swift in Sources */ = {isa = PBXBuildFile; fileRef = E3F2E2AC2AB8C17800C92B58 /* DDImageName.swift */; };
		E3F2E2AF2AB8C1CE00C92B58 /* Image+Extension.swift in Sources */ = {isa = PBXBuildFile; fileRef = E3F2E2AE2AB8C1CE00C92B58 /* Image+Extension.swift */; };
		E3F2E2B22AB9799800C92B58 /* TabScreen.storyboard in Resources */ = {isa = PBXBuildFile; fileRef = E3F2E2B12AB9799800C92B58 /* TabScreen.storyboard */; };
		E3F2E2B52AB979C400C92B58 /* DDFeedViewController.swift in Sources */ = {isa = PBXBuildFile; fileRef = E3F2E2B42AB979C400C92B58 /* DDFeedViewController.swift */; };
		E3F2E2B82AB97A2600C92B58 /* DDLibraryViewController.swift in Sources */ = {isa = PBXBuildFile; fileRef = E3F2E2B72AB97A2600C92B58 /* DDLibraryViewController.swift */; };
		E3F2E2BB2AB97A7200C92B58 /* DDMessageViewController.swift in Sources */ = {isa = PBXBuildFile; fileRef = E3F2E2BA2AB97A7200C92B58 /* DDMessageViewController.swift */; };
		E3F2E2BE2AB97AB000C92B58 /* DDServiceViewController.swift in Sources */ = {isa = PBXBuildFile; fileRef = E3F2E2BD2AB97AB000C92B58 /* DDServiceViewController.swift */; };
		E3F2E2C22ABA0A6600C92B58 /* FabTableViewCell.swift in Sources */ = {isa = PBXBuildFile; fileRef = E3F2E2C02ABA0A6600C92B58 /* FabTableViewCell.swift */; };
		E3F2E2C32ABA0A6600C92B58 /* FabTableViewCell.xib in Resources */ = {isa = PBXBuildFile; fileRef = E3F2E2C12ABA0A6600C92B58 /* FabTableViewCell.xib */; };
		E3F2E2C72ABA0AF300C92B58 /* DDListViewCell.swift in Sources */ = {isa = PBXBuildFile; fileRef = E3F2E2C62ABA0AF300C92B58 /* DDListViewCell.swift */; };
		E3F2E2C92ABA0B7D00C92B58 /* DDFabCellDataModel.swift in Sources */ = {isa = PBXBuildFile; fileRef = E3F2E2C82ABA0B7D00C92B58 /* DDFabCellDataModel.swift */; };
		E3F2E2CB2ABA9C3000C92B58 /* UIView+Extension.swift in Sources */ = {isa = PBXBuildFile; fileRef = E3F2E2CA2ABA9C3000C92B58 /* UIView+Extension.swift */; };
		E3F523C42AC7E14F00D4A2D5 /* DemoFunction.swift in Sources */ = {isa = PBXBuildFile; fileRef = E3F523C32AC7E14F00D4A2D5 /* DemoFunction.swift */; };
		E3F523C62AC7E1F700D4A2D5 /* demo_post_two.json in Resources */ = {isa = PBXBuildFile; fileRef = E3F523C52AC7E1F700D4A2D5 /* demo_post_two.json */; };
		E3F523C82AC7E7AA00D4A2D5 /* DDPostinator.swift in Sources */ = {isa = PBXBuildFile; fileRef = E3F523C72AC7E7AA00D4A2D5 /* DDPostinator.swift */; };
		E3F64F262ABF269600ADCB88 /* DDFeedPostHeaderCVCell.swift in Sources */ = {isa = PBXBuildFile; fileRef = E3F64F242ABF269600ADCB88 /* DDFeedPostHeaderCVCell.swift */; };
		E3F64F272ABF269600ADCB88 /* DDFeedPostHeaderCVCell.xib in Resources */ = {isa = PBXBuildFile; fileRef = E3F64F252ABF269600ADCB88 /* DDFeedPostHeaderCVCell.xib */; };
/* End PBXBuildFile section */

/* Begin PBXFileReference section */
		E30F1E122AC1D2290096FD8C /* DDDemoController.swift */ = {isa = PBXFileReference; lastKnownFileType = sourcecode.swift; path = DDDemoController.swift; sourceTree = "<group>"; };
		E351B8862ACC5A6500592D38 /* DDEventCVCell.swift */ = {isa = PBXFileReference; lastKnownFileType = sourcecode.swift; path = DDEventCVCell.swift; sourceTree = "<group>"; };
		E351B8872ACC5A6500592D38 /* DDEventCVCell.xib */ = {isa = PBXFileReference; lastKnownFileType = file.xib; path = DDEventCVCell.xib; sourceTree = "<group>"; };
		E35413802AC0335B002C757F /* DDPostTextDataModel.swift */ = {isa = PBXFileReference; lastKnownFileType = sourcecode.swift; path = DDPostTextDataModel.swift; sourceTree = "<group>"; };
		E35413822AC03CFD002C757F /* DDFeedVM.swift */ = {isa = PBXFileReference; lastKnownFileType = sourcecode.swift; path = DDFeedVM.swift; sourceTree = "<group>"; };
		E35413852AC04228002C757F /* DDPostActionCVCell.swift */ = {isa = PBXFileReference; lastKnownFileType = sourcecode.swift; path = DDPostActionCVCell.swift; sourceTree = "<group>"; };
		E35413862AC04228002C757F /* DDPostActionCVCell.xib */ = {isa = PBXFileReference; lastKnownFileType = file.xib; path = DDPostActionCVCell.xib; sourceTree = "<group>"; };
		E360A6D72AC2BA2C009B5E9F /* UIViewController+Extension.swift */ = {isa = PBXFileReference; lastKnownFileType = sourcecode.swift; path = "UIViewController+Extension.swift"; sourceTree = "<group>"; };
		E360A6DA2AC2BAEF009B5E9F /* DDPostTitleCVCell.swift */ = {isa = PBXFileReference; lastKnownFileType = sourcecode.swift; path = DDPostTitleCVCell.swift; sourceTree = "<group>"; };
		E360A6DB2AC2BAEF009B5E9F /* DDPostTitleCVCell.xib */ = {isa = PBXFileReference; lastKnownFileType = file.xib; path = DDPostTitleCVCell.xib; sourceTree = "<group>"; };
		E360A6DF2AC2C007009B5E9F /* DDPostImageCVCell.swift */ = {isa = PBXFileReference; lastKnownFileType = sourcecode.swift; path = DDPostImageCVCell.swift; sourceTree = "<group>"; };
		E360A6E02AC2C007009B5E9F /* DDPostImageCVCell.xib */ = {isa = PBXFileReference; lastKnownFileType = file.xib; path = DDPostImageCVCell.xib; sourceTree = "<group>"; };
		E360A6E42AC2E0CB009B5E9F /* DDArticleCVCell.swift */ = {isa = PBXFileReference; lastKnownFileType = sourcecode.swift; path = DDArticleCVCell.swift; sourceTree = "<group>"; };
		E360A6E52AC2E0CB009B5E9F /* DDArticleCVCell.xib */ = {isa = PBXFileReference; lastKnownFileType = file.xib; path = DDArticleCVCell.xib; sourceTree = "<group>"; };
		E360A6E92AC31D13009B5E9F /* DDPollPercentCVCell.swift */ = {isa = PBXFileReference; lastKnownFileType = sourcecode.swift; path = DDPollPercentCVCell.swift; sourceTree = "<group>"; };
		E360A6EA2AC31D13009B5E9F /* DDPollPercentCVCell.xib */ = {isa = PBXFileReference; lastKnownFileType = file.xib; path = DDPollPercentCVCell.xib; sourceTree = "<group>"; };
		E37DD65E2AB8B8330054F2F9 /* DoctorDemo.app */ = {isa = PBXFileReference; explicitFileType = wrapper.application; includeInIndex = 0; path = DoctorDemo.app; sourceTree = BUILT_PRODUCTS_DIR; };
		E37DD6612AB8B8330054F2F9 /* AppDelegate.swift */ = {isa = PBXFileReference; lastKnownFileType = sourcecode.swift; path = AppDelegate.swift; sourceTree = "<group>"; };
		E37DD6632AB8B8330054F2F9 /* SceneDelegate.swift */ = {isa = PBXFileReference; lastKnownFileType = sourcecode.swift; path = SceneDelegate.swift; sourceTree = "<group>"; };
		E37DD6652AB8B8330054F2F9 /* DDTabViewController.swift */ = {isa = PBXFileReference; lastKnownFileType = sourcecode.swift; path = DDTabViewController.swift; sourceTree = "<group>"; };
		E37DD6682AB8B8330054F2F9 /* Base */ = {isa = PBXFileReference; lastKnownFileType = file.storyboard; name = Base; path = Base.lproj/Main.storyboard; sourceTree = "<group>"; };
		E37DD66A2AB8B8340054F2F9 /* Assets.xcassets */ = {isa = PBXFileReference; lastKnownFileType = folder.assetcatalog; path = Assets.xcassets; sourceTree = "<group>"; };
		E37DD66D2AB8B8340054F2F9 /* Base */ = {isa = PBXFileReference; lastKnownFileType = file.storyboard; name = Base; path = Base.lproj/LaunchScreen.storyboard; sourceTree = "<group>"; };
		E37DD66F2AB8B8340054F2F9 /* Info.plist */ = {isa = PBXFileReference; lastKnownFileType = text.plist.xml; path = Info.plist; sourceTree = "<group>"; };
		E3B4884D2AC0AC4200D14839 /* DDLocationCVCell.swift */ = {isa = PBXFileReference; lastKnownFileType = sourcecode.swift; path = DDLocationCVCell.swift; sourceTree = "<group>"; };
		E3B4884E2AC0AC4200D14839 /* DDLocationCVCell.xib */ = {isa = PBXFileReference; lastKnownFileType = file.xib; path = DDLocationCVCell.xib; sourceTree = "<group>"; };
		E3D465882ABFE82500828B72 /* UITapGestureRecognizer+Extension.swift */ = {isa = PBXFileReference; lastKnownFileType = sourcecode.swift; path = "UITapGestureRecognizer+Extension.swift"; sourceTree = "<group>"; };
		E3D4658B2ABFE96800828B72 /* DDSeeMoreTextCVCell.swift */ = {isa = PBXFileReference; lastKnownFileType = sourcecode.swift; path = DDSeeMoreTextCVCell.swift; sourceTree = "<group>"; };
		E3D4658C2ABFE96800828B72 /* DDSeeMoreTextCVCell.xib */ = {isa = PBXFileReference; lastKnownFileType = file.xib; path = DDSeeMoreTextCVCell.xib; sourceTree = "<group>"; };
		E3D5C0D52AC1CC3200078883 /* DDBottomSheetViewController.swift */ = {isa = PBXFileReference; lastKnownFileType = sourcecode.swift; path = DDBottomSheetViewController.swift; sourceTree = "<group>"; };
		E3F2E28F2AB8BEB200C92B58 /* UIFont+Extension.swift */ = {isa = PBXFileReference; fileEncoding = 4; lastKnownFileType = sourcecode.swift; path = "UIFont+Extension.swift"; sourceTree = "<group>"; };
		E3F2E2902AB8BEB200C92B58 /* Inter-Bold.ttf */ = {isa = PBXFileReference; lastKnownFileType = file; path = "Inter-Bold.ttf"; sourceTree = "<group>"; };
		E3F2E2912AB8BEB200C92B58 /* Inter-ExtraBold.ttf */ = {isa = PBXFileReference; lastKnownFileType = file; path = "Inter-ExtraBold.ttf"; sourceTree = "<group>"; };
		E3F2E2922AB8BEB200C92B58 /* Inter-ExtraLight.ttf */ = {isa = PBXFileReference; lastKnownFileType = file; path = "Inter-ExtraLight.ttf"; sourceTree = "<group>"; };
		E3F2E2932AB8BEB300C92B58 /* Inter-Regular.ttf */ = {isa = PBXFileReference; lastKnownFileType = file; path = "Inter-Regular.ttf"; sourceTree = "<group>"; };
		E3F2E2942AB8BEB300C92B58 /* Inter-SemiBold.ttf */ = {isa = PBXFileReference; lastKnownFileType = file; path = "Inter-SemiBold.ttf"; sourceTree = "<group>"; };
		E3F2E2952AB8BEB300C92B58 /* Inter-Thin.ttf */ = {isa = PBXFileReference; lastKnownFileType = file; path = "Inter-Thin.ttf"; sourceTree = "<group>"; };
		E3F2E2962AB8BEB300C92B58 /* Inter-Black.ttf */ = {isa = PBXFileReference; lastKnownFileType = file; path = "Inter-Black.ttf"; sourceTree = "<group>"; };
		E3F2E2972AB8BEB300C92B58 /* Inter-Light.ttf */ = {isa = PBXFileReference; lastKnownFileType = file; path = "Inter-Light.ttf"; sourceTree = "<group>"; };
		E3F2E2982AB8BEB300C92B58 /* Inter-Medium.ttf */ = {isa = PBXFileReference; lastKnownFileType = file; path = "Inter-Medium.ttf"; sourceTree = "<group>"; };
		E3F2E2A62AB8BFAB00C92B58 /* Theme.xcassets */ = {isa = PBXFileReference; lastKnownFileType = folder.assetcatalog; path = Theme.xcassets; sourceTree = "<group>"; };
		E3F2E2A82AB8BFDB00C92B58 /* UIColor+Extension.swift */ = {isa = PBXFileReference; lastKnownFileType = sourcecode.swift; path = "UIColor+Extension.swift"; sourceTree = "<group>"; };
		E3F2E2AA2AB8C01000C92B58 /* DDColor.swift */ = {isa = PBXFileReference; lastKnownFileType = sourcecode.swift; path = DDColor.swift; sourceTree = "<group>"; };
		E3F2E2AC2AB8C17800C92B58 /* DDImageName.swift */ = {isa = PBXFileReference; lastKnownFileType = sourcecode.swift; path = DDImageName.swift; sourceTree = "<group>"; };
		E3F2E2AE2AB8C1CE00C92B58 /* Image+Extension.swift */ = {isa = PBXFileReference; lastKnownFileType = sourcecode.swift; path = "Image+Extension.swift"; sourceTree = "<group>"; };
		E3F2E2B12AB9799800C92B58 /* TabScreen.storyboard */ = {isa = PBXFileReference; lastKnownFileType = file.storyboard; path = TabScreen.storyboard; sourceTree = "<group>"; };
		E3F2E2B42AB979C400C92B58 /* DDFeedViewController.swift */ = {isa = PBXFileReference; lastKnownFileType = sourcecode.swift; path = DDFeedViewController.swift; sourceTree = "<group>"; };
		E3F2E2B72AB97A2600C92B58 /* DDLibraryViewController.swift */ = {isa = PBXFileReference; lastKnownFileType = sourcecode.swift; path = DDLibraryViewController.swift; sourceTree = "<group>"; };
		E3F2E2BA2AB97A7200C92B58 /* DDMessageViewController.swift */ = {isa = PBXFileReference; lastKnownFileType = sourcecode.swift; path = DDMessageViewController.swift; sourceTree = "<group>"; };
		E3F2E2BD2AB97AB000C92B58 /* DDServiceViewController.swift */ = {isa = PBXFileReference; lastKnownFileType = sourcecode.swift; path = DDServiceViewController.swift; sourceTree = "<group>"; };
		E3F2E2C02ABA0A6600C92B58 /* FabTableViewCell.swift */ = {isa = PBXFileReference; lastKnownFileType = sourcecode.swift; path = FabTableViewCell.swift; sourceTree = "<group>"; };
		E3F2E2C12ABA0A6600C92B58 /* FabTableViewCell.xib */ = {isa = PBXFileReference; lastKnownFileType = file.xib; path = FabTableViewCell.xib; sourceTree = "<group>"; };
		E3F2E2C62ABA0AF300C92B58 /* DDListViewCell.swift */ = {isa = PBXFileReference; lastKnownFileType = sourcecode.swift; path = DDListViewCell.swift; sourceTree = "<group>"; };
		E3F2E2C82ABA0B7D00C92B58 /* DDFabCellDataModel.swift */ = {isa = PBXFileReference; lastKnownFileType = sourcecode.swift; path = DDFabCellDataModel.swift; sourceTree = "<group>"; };
		E3F2E2CA2ABA9C3000C92B58 /* UIView+Extension.swift */ = {isa = PBXFileReference; lastKnownFileType = sourcecode.swift; path = "UIView+Extension.swift"; sourceTree = "<group>"; };
		E3F523C32AC7E14F00D4A2D5 /* DemoFunction.swift */ = {isa = PBXFileReference; lastKnownFileType = sourcecode.swift; path = DemoFunction.swift; sourceTree = "<group>"; };
		E3F523C52AC7E1F700D4A2D5 /* demo_post_two.json */ = {isa = PBXFileReference; fileEncoding = 4; lastKnownFileType = text.json; path = demo_post_two.json; sourceTree = SOURCE_ROOT; };
		E3F523C72AC7E7AA00D4A2D5 /* DDPostinator.swift */ = {isa = PBXFileReference; lastKnownFileType = sourcecode.swift; path = DDPostinator.swift; sourceTree = "<group>"; };
		E3F64F242ABF269600ADCB88 /* DDFeedPostHeaderCVCell.swift */ = {isa = PBXFileReference; lastKnownFileType = sourcecode.swift; path = DDFeedPostHeaderCVCell.swift; sourceTree = "<group>"; };
		E3F64F252ABF269600ADCB88 /* DDFeedPostHeaderCVCell.xib */ = {isa = PBXFileReference; lastKnownFileType = file.xib; path = DDFeedPostHeaderCVCell.xib; sourceTree = "<group>"; };
/* End PBXFileReference section */

/* Begin PBXFrameworksBuildPhase section */
		E37DD65B2AB8B8330054F2F9 /* Frameworks */ = {
			isa = PBXFrameworksBuildPhase;
			buildActionMask = 2147483647;
			files = (
			);
			runOnlyForDeploymentPostprocessing = 0;
		};
/* End PBXFrameworksBuildPhase section */

/* Begin PBXGroup section */
		E351B8852ACC5A3B00592D38 /* DDEventCVCell */ = {
			isa = PBXGroup;
			children = (
				E351B8862ACC5A6500592D38 /* DDEventCVCell.swift */,
				E351B8872ACC5A6500592D38 /* DDEventCVCell.xib */,
			);
			path = DDEventCVCell;
			sourceTree = "<group>";
		};
		E354137F2AC03328002C757F /* DataModel */ = {
			isa = PBXGroup;
			children = (
				E35413802AC0335B002C757F /* DDPostTextDataModel.swift */,
				E3F523C72AC7E7AA00D4A2D5 /* DDPostinator.swift */,
			);
			path = DataModel;
			sourceTree = "<group>";
		};
		E35413842AC041F9002C757F /* DDPostActionCVCell */ = {
			isa = PBXGroup;
			children = (
				E35413852AC04228002C757F /* DDPostActionCVCell.swift */,
				E35413862AC04228002C757F /* DDPostActionCVCell.xib */,
			);
			path = DDPostActionCVCell;
			sourceTree = "<group>";
		};
		E360A6D92AC2BAD1009B5E9F /* DDPostTitleCVCell */ = {
			isa = PBXGroup;
			children = (
				E360A6DA2AC2BAEF009B5E9F /* DDPostTitleCVCell.swift */,
				E360A6DB2AC2BAEF009B5E9F /* DDPostTitleCVCell.xib */,
			);
			path = DDPostTitleCVCell;
			sourceTree = "<group>";
		};
		E360A6DE2AC2BFE9009B5E9F /* DDPostImageCVCell */ = {
			isa = PBXGroup;
			children = (
				E360A6DF2AC2C007009B5E9F /* DDPostImageCVCell.swift */,
				E360A6E02AC2C007009B5E9F /* DDPostImageCVCell.xib */,
			);
			path = DDPostImageCVCell;
			sourceTree = "<group>";
		};
		E360A6E32AC2E0A8009B5E9F /* DDArticleCVCell */ = {
			isa = PBXGroup;
			children = (
				E360A6E42AC2E0CB009B5E9F /* DDArticleCVCell.swift */,
				E360A6E52AC2E0CB009B5E9F /* DDArticleCVCell.xib */,
			);
			path = DDArticleCVCell;
			sourceTree = "<group>";
		};
		E360A6E82AC31CF6009B5E9F /* DDPollPercentCVCell */ = {
			isa = PBXGroup;
			children = (
				E360A6E92AC31D13009B5E9F /* DDPollPercentCVCell.swift */,
				E360A6EA2AC31D13009B5E9F /* DDPollPercentCVCell.xib */,
			);
			path = DDPollPercentCVCell;
			sourceTree = "<group>";
		};
		E37DD6552AB8B8330054F2F9 = {
			isa = PBXGroup;
			children = (
				E37DD6602AB8B8330054F2F9 /* DoctorDemo */,
				E37DD65F2AB8B8330054F2F9 /* Products */,
			);
			sourceTree = "<group>";
		};
		E37DD65F2AB8B8330054F2F9 /* Products */ = {
			isa = PBXGroup;
			children = (
				E37DD65E2AB8B8330054F2F9 /* DoctorDemo.app */,
			);
			name = Products;
			sourceTree = "<group>";
		};
		E37DD6602AB8B8330054F2F9 /* DoctorDemo */ = {
			isa = PBXGroup;
			children = (
				E3D5C0D42AC1CC0400078883 /* Component */,
				E3F2E2C52ABA0AC100C92B58 /* Util */,
				E3F2E2B02AB94F9300C92B58 /* Screen */,
				E3F2E2A32AB8BF7D00C92B58 /* Asset */,
				E3F2E28E2AB8BE9100C92B58 /* Font */,
				E37DD6612AB8B8330054F2F9 /* AppDelegate.swift */,
				E37DD6632AB8B8330054F2F9 /* SceneDelegate.swift */,
				E37DD66C2AB8B8340054F2F9 /* LaunchScreen.storyboard */,
				E37DD66F2AB8B8340054F2F9 /* Info.plist */,
			);
			path = DoctorDemo;
			sourceTree = "<group>";
		};
		E3B4884C2AC0AC2000D14839 /* DDLocationCVCell */ = {
			isa = PBXGroup;
			children = (
				E3B4884D2AC0AC4200D14839 /* DDLocationCVCell.swift */,
				E3B4884E2AC0AC4200D14839 /* DDLocationCVCell.xib */,
			);
			path = DDLocationCVCell;
			sourceTree = "<group>";
		};
		E3D465872ABFE80900828B72 /* Extension */ = {
			isa = PBXGroup;
			children = (
				E3F523C52AC7E1F700D4A2D5 /* demo_post_two.json */,
				E3F2E2CA2ABA9C3000C92B58 /* UIView+Extension.swift */,
				E3D465882ABFE82500828B72 /* UITapGestureRecognizer+Extension.swift */,
				E360A6D72AC2BA2C009B5E9F /* UIViewController+Extension.swift */,
			);
			path = Extension;
			sourceTree = "<group>";
		};
		E3D4658A2ABFE93300828B72 /* DDSeeMoreTextCVCell */ = {
			isa = PBXGroup;
			children = (
				E3D4658B2ABFE96800828B72 /* DDSeeMoreTextCVCell.swift */,
				E3D4658C2ABFE96800828B72 /* DDSeeMoreTextCVCell.xib */,
			);
			path = DDSeeMoreTextCVCell;
			sourceTree = "<group>";
		};
		E3D5C0D42AC1CC0400078883 /* Component */ = {
			isa = PBXGroup;
			children = (
				E3D5C0D52AC1CC3200078883 /* DDBottomSheetViewController.swift */,
			);
			path = Component;
			sourceTree = "<group>";
		};
		E3F2E28E2AB8BE9100C92B58 /* Font */ = {
			isa = PBXGroup;
			children = (
				E3F2E28F2AB8BEB200C92B58 /* UIFont+Extension.swift */,
				E3F2E2962AB8BEB300C92B58 /* Inter-Black.ttf */,
				E3F2E2902AB8BEB200C92B58 /* Inter-Bold.ttf */,
				E3F2E2912AB8BEB200C92B58 /* Inter-ExtraBold.ttf */,
				E3F2E2922AB8BEB200C92B58 /* Inter-ExtraLight.ttf */,
				E3F2E2972AB8BEB300C92B58 /* Inter-Light.ttf */,
				E3F2E2982AB8BEB300C92B58 /* Inter-Medium.ttf */,
				E3F2E2932AB8BEB300C92B58 /* Inter-Regular.ttf */,
				E3F2E2942AB8BEB300C92B58 /* Inter-SemiBold.ttf */,
				E3F2E2952AB8BEB300C92B58 /* Inter-Thin.ttf */,
			);
			path = Font;
			sourceTree = "<group>";
		};
		E3F2E2A32AB8BF7D00C92B58 /* Asset */ = {
			isa = PBXGroup;
			children = (
				E3F2E2A52AB8BF9000C92B58 /* Image */,
				E3F2E2A42AB8BF8700C92B58 /* Color */,
			);
			path = Asset;
			sourceTree = "<group>";
		};
		E3F2E2A42AB8BF8700C92B58 /* Color */ = {
			isa = PBXGroup;
			children = (
				E3F2E2A62AB8BFAB00C92B58 /* Theme.xcassets */,
				E3F2E2A82AB8BFDB00C92B58 /* UIColor+Extension.swift */,
				E3F2E2AA2AB8C01000C92B58 /* DDColor.swift */,
			);
			path = Color;
			sourceTree = "<group>";
		};
		E3F2E2A52AB8BF9000C92B58 /* Image */ = {
			isa = PBXGroup;
			children = (
				E37DD66A2AB8B8340054F2F9 /* Assets.xcassets */,
				E3F2E2AC2AB8C17800C92B58 /* DDImageName.swift */,
				E3F2E2AE2AB8C1CE00C92B58 /* Image+Extension.swift */,
			);
			path = Image;
			sourceTree = "<group>";
		};
		E3F2E2B02AB94F9300C92B58 /* Screen */ = {
			isa = PBXGroup;
			children = (
				E3F2E2BF2ABA0A2900C92B58 /* TabContainer */,
				E3F2E2BC2AB97A9500C92B58 /* Servise */,
				E3F2E2B92AB97A5C00C92B58 /* Message */,
				E3F2E2B62AB97A1300C92B58 /* Library */,
				E3F2E2B32AB979AB00C92B58 /* Feed */,
				E3F2E2B12AB9799800C92B58 /* TabScreen.storyboard */,
				E30F1E122AC1D2290096FD8C /* DDDemoController.swift */,
			);
			path = Screen;
			sourceTree = "<group>";
		};
		E3F2E2B32AB979AB00C92B58 /* Feed */ = {
			isa = PBXGroup;
			children = (
				E354137F2AC03328002C757F /* DataModel */,
				E3F64F222ABF265800ADCB88 /* Cell */,
				E3F2E2B42AB979C400C92B58 /* DDFeedViewController.swift */,
				E35413822AC03CFD002C757F /* DDFeedVM.swift */,
			);
			path = Feed;
			sourceTree = "<group>";
		};
		E3F2E2B62AB97A1300C92B58 /* Library */ = {
			isa = PBXGroup;
			children = (
				E3F2E2B72AB97A2600C92B58 /* DDLibraryViewController.swift */,
			);
			path = Library;
			sourceTree = "<group>";
		};
		E3F2E2B92AB97A5C00C92B58 /* Message */ = {
			isa = PBXGroup;
			children = (
				E3F2E2BA2AB97A7200C92B58 /* DDMessageViewController.swift */,
			);
			path = Message;
			sourceTree = "<group>";
		};
		E3F2E2BC2AB97A9500C92B58 /* Servise */ = {
			isa = PBXGroup;
			children = (
				E3F2E2BD2AB97AB000C92B58 /* DDServiceViewController.swift */,
			);
			path = Servise;
			sourceTree = "<group>";
		};
		E3F2E2BF2ABA0A2900C92B58 /* TabContainer */ = {
			isa = PBXGroup;
			children = (
				E3F2E2C42ABA0A6E00C92B58 /* FabTableViewCell */,
				E37DD6652AB8B8330054F2F9 /* DDTabViewController.swift */,
				E37DD6672AB8B8330054F2F9 /* Main.storyboard */,
			);
			path = TabContainer;
			sourceTree = "<group>";
		};
		E3F2E2C42ABA0A6E00C92B58 /* FabTableViewCell */ = {
			isa = PBXGroup;
			children = (
				E3F2E2C12ABA0A6600C92B58 /* FabTableViewCell.xib */,
				E3F2E2C02ABA0A6600C92B58 /* FabTableViewCell.swift */,
				E3F2E2C82ABA0B7D00C92B58 /* DDFabCellDataModel.swift */,
			);
			path = FabTableViewCell;
			sourceTree = "<group>";
		};
		E3F2E2C52ABA0AC100C92B58 /* Util */ = {
			isa = PBXGroup;
			children = (
				E3D465872ABFE80900828B72 /* Extension */,
				E3F2E2C62ABA0AF300C92B58 /* DDListViewCell.swift */,
				E3F523C32AC7E14F00D4A2D5 /* DemoFunction.swift */,
			);
			path = Util;
			sourceTree = "<group>";
		};
		E3F64F222ABF265800ADCB88 /* Cell */ = {
			isa = PBXGroup;
			children = (
				E351B8852ACC5A3B00592D38 /* DDEventCVCell */,
				E3F64F232ABF265E00ADCB88 /* DDFeedPostHeaderCell */,
				E360A6D92AC2BAD1009B5E9F /* DDPostTitleCVCell */,
				E3D4658A2ABFE93300828B72 /* DDSeeMoreTextCVCell */,
				E360A6DE2AC2BFE9009B5E9F /* DDPostImageCVCell */,
				E360A6E82AC31CF6009B5E9F /* DDPollPercentCVCell */,
				E3B4884C2AC0AC2000D14839 /* DDLocationCVCell */,
				E35413842AC041F9002C757F /* DDPostActionCVCell */,
				E360A6E32AC2E0A8009B5E9F /* DDArticleCVCell */,
			);
			path = Cell;
			sourceTree = "<group>";
		};
		E3F64F232ABF265E00ADCB88 /* DDFeedPostHeaderCell */ = {
			isa = PBXGroup;
			children = (
				E3F64F242ABF269600ADCB88 /* DDFeedPostHeaderCVCell.swift */,
				E3F64F252ABF269600ADCB88 /* DDFeedPostHeaderCVCell.xib */,
			);
			path = DDFeedPostHeaderCell;
			sourceTree = "<group>";
		};
/* End PBXGroup section */

/* Begin PBXNativeTarget section */
		E37DD65D2AB8B8330054F2F9 /* DoctorDemo */ = {
			isa = PBXNativeTarget;
			buildConfigurationList = E37DD6722AB8B8340054F2F9 /* Build configuration list for PBXNativeTarget "DoctorDemo" */;
			buildPhases = (
				E37DD65A2AB8B8330054F2F9 /* Sources */,
				E37DD65B2AB8B8330054F2F9 /* Frameworks */,
				E37DD65C2AB8B8330054F2F9 /* Resources */,
			);
			buildRules = (
			);
			dependencies = (
			);
			name = DoctorDemo;
			productName = DoctorDemo;
			productReference = E37DD65E2AB8B8330054F2F9 /* DoctorDemo.app */;
			productType = "com.apple.product-type.application";
		};
/* End PBXNativeTarget section */

/* Begin PBXProject section */
		E37DD6562AB8B8330054F2F9 /* Project object */ = {
			isa = PBXProject;
			attributes = {
				BuildIndependentTargetsInParallel = 1;
				LastSwiftUpdateCheck = 1430;
				LastUpgradeCheck = 1430;
				TargetAttributes = {
					E37DD65D2AB8B8330054F2F9 = {
						CreatedOnToolsVersion = 14.3.1;
					};
				};
			};
			buildConfigurationList = E37DD6592AB8B8330054F2F9 /* Build configuration list for PBXProject "DoctorDemo" */;
			compatibilityVersion = "Xcode 14.0";
			developmentRegion = en;
			hasScannedForEncodings = 0;
			knownRegions = (
				en,
				Base,
			);
			mainGroup = E37DD6552AB8B8330054F2F9;
			productRefGroup = E37DD65F2AB8B8330054F2F9 /* Products */;
			projectDirPath = "";
			projectRoot = "";
			targets = (
				E37DD65D2AB8B8330054F2F9 /* DoctorDemo */,
			);
		};
/* End PBXProject section */

/* Begin PBXResourcesBuildPhase section */
		E37DD65C2AB8B8330054F2F9 /* Resources */ = {
			isa = PBXResourcesBuildPhase;
			buildActionMask = 2147483647;
			files = (
				E37DD66E2AB8B8340054F2F9 /* LaunchScreen.storyboard in Resources */,
				E3F2E29A2AB8BEB300C92B58 /* Inter-Bold.ttf in Resources */,
				E37DD66B2AB8B8340054F2F9 /* Assets.xcassets in Resources */,
				E351B8892ACC5A6500592D38 /* DDEventCVCell.xib in Resources */,
				E3F2E29E2AB8BEB300C92B58 /* Inter-SemiBold.ttf in Resources */,
				E3F2E29C2AB8BEB300C92B58 /* Inter-ExtraLight.ttf in Resources */,
				E37DD6692AB8B8330054F2F9 /* Main.storyboard in Resources */,
				E3F2E2B22AB9799800C92B58 /* TabScreen.storyboard in Resources */,
				E3F2E2C32ABA0A6600C92B58 /* FabTableViewCell.xib in Resources */,
				E3F2E2A02AB8BEB300C92B58 /* Inter-Black.ttf in Resources */,
				E3F2E29D2AB8BEB300C92B58 /* Inter-Regular.ttf in Resources */,
				E360A6E22AC2C007009B5E9F /* DDPostImageCVCell.xib in Resources */,
				E3B488502AC0AC4200D14839 /* DDLocationCVCell.xib in Resources */,
				E3F2E29F2AB8BEB300C92B58 /* Inter-Thin.ttf in Resources */,
				E360A6EC2AC31D13009B5E9F /* DDPollPercentCVCell.xib in Resources */,
				E3F2E2A22AB8BEB300C92B58 /* Inter-Medium.ttf in Resources */,
				E35413882AC04228002C757F /* DDPostActionCVCell.xib in Resources */,
				E3F2E2A72AB8BFAB00C92B58 /* Theme.xcassets in Resources */,
				E3D4658E2ABFE96900828B72 /* DDSeeMoreTextCVCell.xib in Resources */,
				E360A6E72AC2E0CB009B5E9F /* DDArticleCVCell.xib in Resources */,
				E3F2E2A12AB8BEB300C92B58 /* Inter-Light.ttf in Resources */,
				E3F2E29B2AB8BEB300C92B58 /* Inter-ExtraBold.ttf in Resources */,
				E3F523C62AC7E1F700D4A2D5 /* demo_post_two.json in Resources */,
				E3F64F272ABF269600ADCB88 /* DDFeedPostHeaderCVCell.xib in Resources */,
				E360A6DD2AC2BAEF009B5E9F /* DDPostTitleCVCell.xib in Resources */,
			);
			runOnlyForDeploymentPostprocessing = 0;
		};
/* End PBXResourcesBuildPhase section */

/* Begin PBXSourcesBuildPhase section */
		E37DD65A2AB8B8330054F2F9 /* Sources */ = {
			isa = PBXSourcesBuildPhase;
			buildActionMask = 2147483647;
			files = (
				E3F2E2B82AB97A2600C92B58 /* DDLibraryViewController.swift in Sources */,
				E3F2E2C72ABA0AF300C92B58 /* DDListViewCell.swift in Sources */,
				E3F2E2CB2ABA9C3000C92B58 /* UIView+Extension.swift in Sources */,
				E37DD6662AB8B8330054F2F9 /* DDTabViewController.swift in Sources */,
				E351B8882ACC5A6500592D38 /* DDEventCVCell.swift in Sources */,
				E3F2E2C22ABA0A6600C92B58 /* FabTableViewCell.swift in Sources */,
				E3F2E2C92ABA0B7D00C92B58 /* DDFabCellDataModel.swift in Sources */,
				E35413812AC0335B002C757F /* DDPostTextDataModel.swift in Sources */,
				E3F2E2BE2AB97AB000C92B58 /* DDServiceViewController.swift in Sources */,
				E3F523C82AC7E7AA00D4A2D5 /* DDPostinator.swift in Sources */,
				E3F64F262ABF269600ADCB88 /* DDFeedPostHeaderCVCell.swift in Sources */,
				E3F2E2B52AB979C400C92B58 /* DDFeedViewController.swift in Sources */,
				E3D465892ABFE82500828B72 /* UITapGestureRecognizer+Extension.swift in Sources */,
				E30F1E132AC1D2290096FD8C /* DDDemoController.swift in Sources */,
				E3D5C0D62AC1CC3200078883 /* DDBottomSheetViewController.swift in Sources */,
				E3F2E2AB2AB8C01000C92B58 /* DDColor.swift in Sources */,
				E360A6D82AC2BA2C009B5E9F /* UIViewController+Extension.swift in Sources */,
				E35413872AC04228002C757F /* DDPostActionCVCell.swift in Sources */,
				E3F2E2BB2AB97A7200C92B58 /* DDMessageViewController.swift in Sources */,
				E3F2E2AD2AB8C17800C92B58 /* DDImageName.swift in Sources */,
				E360A6DC2AC2BAEF009B5E9F /* DDPostTitleCVCell.swift in Sources */,
				E3F2E2AF2AB8C1CE00C92B58 /* Image+Extension.swift in Sources */,
				E3D4658D2ABFE96900828B72 /* DDSeeMoreTextCVCell.swift in Sources */,
				E3F523C42AC7E14F00D4A2D5 /* DemoFunction.swift in Sources */,
				E360A6EB2AC31D13009B5E9F /* DDPollPercentCVCell.swift in Sources */,
				E3B4884F2AC0AC4200D14839 /* DDLocationCVCell.swift in Sources */,
				E37DD6622AB8B8330054F2F9 /* AppDelegate.swift in Sources */,
				E3F2E2992AB8BEB300C92B58 /* UIFont+Extension.swift in Sources */,
				E360A6E12AC2C007009B5E9F /* DDPostImageCVCell.swift in Sources */,
				E37DD6642AB8B8330054F2F9 /* SceneDelegate.swift in Sources */,
				E360A6E62AC2E0CB009B5E9F /* DDArticleCVCell.swift in Sources */,
				E3F2E2A92AB8BFDB00C92B58 /* UIColor+Extension.swift in Sources */,
				E35413832AC03CFD002C757F /* DDFeedVM.swift in Sources */,
			);
			runOnlyForDeploymentPostprocessing = 0;
		};
/* End PBXSourcesBuildPhase section */

/* Begin PBXVariantGroup section */
		E37DD6672AB8B8330054F2F9 /* Main.storyboard */ = {
			isa = PBXVariantGroup;
			children = (
				E37DD6682AB8B8330054F2F9 /* Base */,
			);
			name = Main.storyboard;
			sourceTree = "<group>";
		};
		E37DD66C2AB8B8340054F2F9 /* LaunchScreen.storyboard */ = {
			isa = PBXVariantGroup;
			children = (
				E37DD66D2AB8B8340054F2F9 /* Base */,
			);
			name = LaunchScreen.storyboard;
			sourceTree = "<group>";
		};
/* End PBXVariantGroup section */

/* Begin XCBuildConfiguration section */
		E37DD6702AB8B8340054F2F9 /* Debug */ = {
			isa = XCBuildConfiguration;
			buildSettings = {
				ALWAYS_SEARCH_USER_PATHS = NO;
				CLANG_ANALYZER_NONNULL = YES;
				CLANG_ANALYZER_NUMBER_OBJECT_CONVERSION = YES_AGGRESSIVE;
				CLANG_CXX_LANGUAGE_STANDARD = "gnu++20";
				CLANG_ENABLE_MODULES = YES;
				CLANG_ENABLE_OBJC_ARC = YES;
				CLANG_ENABLE_OBJC_WEAK = YES;
				CLANG_WARN_BLOCK_CAPTURE_AUTORELEASING = YES;
				CLANG_WARN_BOOL_CONVERSION = YES;
				CLANG_WARN_COMMA = YES;
				CLANG_WARN_CONSTANT_CONVERSION = YES;
				CLANG_WARN_DEPRECATED_OBJC_IMPLEMENTATIONS = YES;
				CLANG_WARN_DIRECT_OBJC_ISA_USAGE = YES_ERROR;
				CLANG_WARN_DOCUMENTATION_COMMENTS = YES;
				CLANG_WARN_EMPTY_BODY = YES;
				CLANG_WARN_ENUM_CONVERSION = YES;
				CLANG_WARN_INFINITE_RECURSION = YES;
				CLANG_WARN_INT_CONVERSION = YES;
				CLANG_WARN_NON_LITERAL_NULL_CONVERSION = YES;
				CLANG_WARN_OBJC_IMPLICIT_RETAIN_SELF = YES;
				CLANG_WARN_OBJC_LITERAL_CONVERSION = YES;
				CLANG_WARN_OBJC_ROOT_CLASS = YES_ERROR;
				CLANG_WARN_QUOTED_INCLUDE_IN_FRAMEWORK_HEADER = YES;
				CLANG_WARN_RANGE_LOOP_ANALYSIS = YES;
				CLANG_WARN_STRICT_PROTOTYPES = YES;
				CLANG_WARN_SUSPICIOUS_MOVE = YES;
				CLANG_WARN_UNGUARDED_AVAILABILITY = YES_AGGRESSIVE;
				CLANG_WARN_UNREACHABLE_CODE = YES;
				CLANG_WARN__DUPLICATE_METHOD_MATCH = YES;
				COPY_PHASE_STRIP = NO;
				DEBUG_INFORMATION_FORMAT = dwarf;
				ENABLE_STRICT_OBJC_MSGSEND = YES;
				ENABLE_TESTABILITY = YES;
				GCC_C_LANGUAGE_STANDARD = gnu11;
				GCC_DYNAMIC_NO_PIC = NO;
				GCC_NO_COMMON_BLOCKS = YES;
				GCC_OPTIMIZATION_LEVEL = 0;
				GCC_PREPROCESSOR_DEFINITIONS = (
					"DEBUG=1",
					"$(inherited)",
				);
				GCC_WARN_64_TO_32_BIT_CONVERSION = YES;
				GCC_WARN_ABOUT_RETURN_TYPE = YES_ERROR;
				GCC_WARN_UNDECLARED_SELECTOR = YES;
				GCC_WARN_UNINITIALIZED_AUTOS = YES_AGGRESSIVE;
				GCC_WARN_UNUSED_FUNCTION = YES;
				GCC_WARN_UNUSED_VARIABLE = YES;
				IPHONEOS_DEPLOYMENT_TARGET = 16.4;
				MTL_ENABLE_DEBUG_INFO = INCLUDE_SOURCE;
				MTL_FAST_MATH = YES;
				ONLY_ACTIVE_ARCH = YES;
				SDKROOT = iphoneos;
				SWIFT_ACTIVE_COMPILATION_CONDITIONS = DEBUG;
				SWIFT_OPTIMIZATION_LEVEL = "-Onone";
			};
			name = Debug;
		};
		E37DD6712AB8B8340054F2F9 /* Release */ = {
			isa = XCBuildConfiguration;
			buildSettings = {
				ALWAYS_SEARCH_USER_PATHS = NO;
				CLANG_ANALYZER_NONNULL = YES;
				CLANG_ANALYZER_NUMBER_OBJECT_CONVERSION = YES_AGGRESSIVE;
				CLANG_CXX_LANGUAGE_STANDARD = "gnu++20";
				CLANG_ENABLE_MODULES = YES;
				CLANG_ENABLE_OBJC_ARC = YES;
				CLANG_ENABLE_OBJC_WEAK = YES;
				CLANG_WARN_BLOCK_CAPTURE_AUTORELEASING = YES;
				CLANG_WARN_BOOL_CONVERSION = YES;
				CLANG_WARN_COMMA = YES;
				CLANG_WARN_CONSTANT_CONVERSION = YES;
				CLANG_WARN_DEPRECATED_OBJC_IMPLEMENTATIONS = YES;
				CLANG_WARN_DIRECT_OBJC_ISA_USAGE = YES_ERROR;
				CLANG_WARN_DOCUMENTATION_COMMENTS = YES;
				CLANG_WARN_EMPTY_BODY = YES;
				CLANG_WARN_ENUM_CONVERSION = YES;
				CLANG_WARN_INFINITE_RECURSION = YES;
				CLANG_WARN_INT_CONVERSION = YES;
				CLANG_WARN_NON_LITERAL_NULL_CONVERSION = YES;
				CLANG_WARN_OBJC_IMPLICIT_RETAIN_SELF = YES;
				CLANG_WARN_OBJC_LITERAL_CONVERSION = YES;
				CLANG_WARN_OBJC_ROOT_CLASS = YES_ERROR;
				CLANG_WARN_QUOTED_INCLUDE_IN_FRAMEWORK_HEADER = YES;
				CLANG_WARN_RANGE_LOOP_ANALYSIS = YES;
				CLANG_WARN_STRICT_PROTOTYPES = YES;
				CLANG_WARN_SUSPICIOUS_MOVE = YES;
				CLANG_WARN_UNGUARDED_AVAILABILITY = YES_AGGRESSIVE;
				CLANG_WARN_UNREACHABLE_CODE = YES;
				CLANG_WARN__DUPLICATE_METHOD_MATCH = YES;
				COPY_PHASE_STRIP = NO;
				DEBUG_INFORMATION_FORMAT = "dwarf-with-dsym";
				ENABLE_NS_ASSERTIONS = NO;
				ENABLE_STRICT_OBJC_MSGSEND = YES;
				GCC_C_LANGUAGE_STANDARD = gnu11;
				GCC_NO_COMMON_BLOCKS = YES;
				GCC_WARN_64_TO_32_BIT_CONVERSION = YES;
				GCC_WARN_ABOUT_RETURN_TYPE = YES_ERROR;
				GCC_WARN_UNDECLARED_SELECTOR = YES;
				GCC_WARN_UNINITIALIZED_AUTOS = YES_AGGRESSIVE;
				GCC_WARN_UNUSED_FUNCTION = YES;
				GCC_WARN_UNUSED_VARIABLE = YES;
				IPHONEOS_DEPLOYMENT_TARGET = 16.4;
				MTL_ENABLE_DEBUG_INFO = NO;
				MTL_FAST_MATH = YES;
				SDKROOT = iphoneos;
				SWIFT_COMPILATION_MODE = wholemodule;
				SWIFT_OPTIMIZATION_LEVEL = "-O";
				VALIDATE_PRODUCT = YES;
			};
			name = Release;
		};
		E37DD6732AB8B8340054F2F9 /* Debug */ = {
			isa = XCBuildConfiguration;
			buildSettings = {
				ASSETCATALOG_COMPILER_APPICON_NAME = AppIcon;
				ASSETCATALOG_COMPILER_GLOBAL_ACCENT_COLOR_NAME = AccentColor;
				CODE_SIGN_STYLE = Automatic;
				CURRENT_PROJECT_VERSION = 1;
				DEVELOPMENT_TEAM = C88SJ52M22;
				GENERATE_INFOPLIST_FILE = YES;
				INFOPLIST_FILE = DoctorDemo/Info.plist;
				INFOPLIST_KEY_UIApplicationSupportsIndirectInputEvents = YES;
				INFOPLIST_KEY_UILaunchStoryboardName = LaunchScreen;
				INFOPLIST_KEY_UISupportedInterfaceOrientations_iPad = "UIInterfaceOrientationPortrait UIInterfaceOrientationPortraitUpsideDown UIInterfaceOrientationLandscapeLeft UIInterfaceOrientationLandscapeRight";
				INFOPLIST_KEY_UISupportedInterfaceOrientations_iPhone = "UIInterfaceOrientationPortrait UIInterfaceOrientationLandscapeLeft UIInterfaceOrientationLandscapeRight";
				IPHONEOS_DEPLOYMENT_TARGET = 15.0;
				LD_RUNPATH_SEARCH_PATHS = (
					"$(inherited)",
					"@executable_path/Frameworks",
				);
				MARKETING_VERSION = 1.0;
				PRODUCT_BUNDLE_IDENTIFIER = example.DoctorDemo;
				PRODUCT_NAME = "$(TARGET_NAME)";
				SWIFT_EMIT_LOC_STRINGS = YES;
				SWIFT_VERSION = 5.0;
				TARGETED_DEVICE_FAMILY = "1,2";
			};
			name = Debug;
		};
		E37DD6742AB8B8340054F2F9 /* Release */ = {
			isa = XCBuildConfiguration;
			buildSettings = {
				ASSETCATALOG_COMPILER_APPICON_NAME = AppIcon;
				ASSETCATALOG_COMPILER_GLOBAL_ACCENT_COLOR_NAME = AccentColor;
				CODE_SIGN_STYLE = Automatic;
				CURRENT_PROJECT_VERSION = 1;
				DEVELOPMENT_TEAM = C88SJ52M22;
				GENERATE_INFOPLIST_FILE = YES;
				INFOPLIST_FILE = DoctorDemo/Info.plist;
				INFOPLIST_KEY_UIApplicationSupportsIndirectInputEvents = YES;
				INFOPLIST_KEY_UILaunchStoryboardName = LaunchScreen;
				INFOPLIST_KEY_UISupportedInterfaceOrientations_iPad = "UIInterfaceOrientationPortrait UIInterfaceOrientationPortraitUpsideDown UIInterfaceOrientationLandscapeLeft UIInterfaceOrientationLandscapeRight";
				INFOPLIST_KEY_UISupportedInterfaceOrientations_iPhone = "UIInterfaceOrientationPortrait UIInterfaceOrientationLandscapeLeft UIInterfaceOrientationLandscapeRight";
				IPHONEOS_DEPLOYMENT_TARGET = 15.0;
				LD_RUNPATH_SEARCH_PATHS = (
					"$(inherited)",
					"@executable_path/Frameworks",
				);
				MARKETING_VERSION = 1.0;
				PRODUCT_BUNDLE_IDENTIFIER = example.DoctorDemo;
				PRODUCT_NAME = "$(TARGET_NAME)";
				SWIFT_EMIT_LOC_STRINGS = YES;
				SWIFT_VERSION = 5.0;
				TARGETED_DEVICE_FAMILY = "1,2";
			};
			name = Release;
		};
/* End XCBuildConfiguration section */

/* Begin XCConfigurationList section */
		E37DD6592AB8B8330054F2F9 /* Build configuration list for PBXProject "DoctorDemo" */ = {
			isa = XCConfigurationList;
			buildConfigurations = (
				E37DD6702AB8B8340054F2F9 /* Debug */,
				E37DD6712AB8B8340054F2F9 /* Release */,
			);
			defaultConfigurationIsVisible = 0;
			defaultConfigurationName = Release;
		};
		E37DD6722AB8B8340054F2F9 /* Build configuration list for PBXNativeTarget "DoctorDemo" */ = {
			isa = XCConfigurationList;
			buildConfigurations = (
				E37DD6732AB8B8340054F2F9 /* Debug */,
				E37DD6742AB8B8340054F2F9 /* Release */,
			);
			defaultConfigurationIsVisible = 0;
			defaultConfigurationName = Release;
		};
/* End XCConfigurationList section */
	};
	rootObject = E37DD6562AB8B8330054F2F9 /* Project object */;
}
